// !$*UTF8*$!
{
	archiveVersion = 1;
	classes = {
	};
	objectVersion = 50;
	objects = {

/* Begin PBXBuildFile section */
		98C9834B20F750820080B08C /* AppDelegate.swift in Sources */ = {isa = PBXBuildFile; fileRef = 98C9834A20F750820080B08C /* AppDelegate.swift */; };
		98C9834D20F750820080B08C /* ViewController.swift in Sources */ = {isa = PBXBuildFile; fileRef = 98C9834C20F750820080B08C /* ViewController.swift */; };
		98C9835020F750820080B08C /* Main.storyboard in Resources */ = {isa = PBXBuildFile; fileRef = 98C9834E20F750820080B08C /* Main.storyboard */; };
		98C9835220F750840080B08C /* Assets.xcassets in Resources */ = {isa = PBXBuildFile; fileRef = 98C9835120F750840080B08C /* Assets.xcassets */; };
		98C9835520F750840080B08C /* LaunchScreen.storyboard in Resources */ = {isa = PBXBuildFile; fileRef = 98C9835320F750840080B08C /* LaunchScreen.storyboard */; };
		98C9836020F750840080B08C /* Apprendre_les_verbes_irre_guliersTests.swift in Sources */ = {isa = PBXBuildFile; fileRef = 98C9835F20F750840080B08C /* Apprendre_les_verbes_irre_guliersTests.swift */; };
		98C9836B20F750840080B08C /* Apprendre_les_verbes_irre_guliersUITests.swift in Sources */ = {isa = PBXBuildFile; fileRef = 98C9836A20F750840080B08C /* Apprendre_les_verbes_irre_guliersUITests.swift */; };
		98DEFC8720FDC25400DC32BB /* MainVC.swift in Sources */ = {isa = PBXBuildFile; fileRef = 98DEFC8620FDC25400DC32BB /* MainVC.swift */; };
		98DEFC8C20FDC33200DC32BB /* AddVerbsCV.swift in Sources */ = {isa = PBXBuildFile; fileRef = 98DEFC8B20FDC33200DC32BB /* AddVerbsCV.swift */; };
		98DEFC8E20FE27EE00DC32BB /* ReviewVerbsVC.swift in Sources */ = {isa = PBXBuildFile; fileRef = 98DEFC8D20FE27EE00DC32BB /* ReviewVerbsVC.swift */; };
/* End PBXBuildFile section */

/* Begin PBXContainerItemProxy section */
		98C9835C20F750840080B08C /* PBXContainerItemProxy */ = {
			isa = PBXContainerItemProxy;
			containerPortal = 98C9833F20F750820080B08C /* Project object */;
			proxyType = 1;
			remoteGlobalIDString = 98C9834620F750820080B08C;
			remoteInfo = "Apprendre les verbes irréguliers";
		};
		98C9836720F750840080B08C /* PBXContainerItemProxy */ = {
			isa = PBXContainerItemProxy;
			containerPortal = 98C9833F20F750820080B08C /* Project object */;
			proxyType = 1;
			remoteGlobalIDString = 98C9834620F750820080B08C;
			remoteInfo = "Apprendre les verbes irréguliers";
		};
/* End PBXContainerItemProxy section */

/* Begin PBXFileReference section */
		98C9834720F750820080B08C /* Apprendre les verbes irréguliers.app */ = {isa = PBXFileReference; explicitFileType = wrapper.application; includeInIndex = 0; path = "Apprendre les verbes irréguliers.app"; sourceTree = BUILT_PRODUCTS_DIR; };
		98C9834A20F750820080B08C /* AppDelegate.swift */ = {isa = PBXFileReference; lastKnownFileType = sourcecode.swift; path = AppDelegate.swift; sourceTree = "<group>"; };
		98C9834C20F750820080B08C /* ViewController.swift */ = {isa = PBXFileReference; lastKnownFileType = sourcecode.swift; path = ViewController.swift; sourceTree = "<group>"; };
		98C9834F20F750820080B08C /* Base */ = {isa = PBXFileReference; lastKnownFileType = file.storyboard; name = Base; path = Base.lproj/Main.storyboard; sourceTree = "<group>"; };
		98C9835120F750840080B08C /* Assets.xcassets */ = {isa = PBXFileReference; lastKnownFileType = folder.assetcatalog; path = Assets.xcassets; sourceTree = "<group>"; };
		98C9835420F750840080B08C /* Base */ = {isa = PBXFileReference; lastKnownFileType = file.storyboard; name = Base; path = Base.lproj/LaunchScreen.storyboard; sourceTree = "<group>"; };
		98C9835620F750840080B08C /* Info.plist */ = {isa = PBXFileReference; lastKnownFileType = text.plist.xml; path = Info.plist; sourceTree = "<group>"; };
		98C9835B20F750840080B08C /* Apprendre les verbes irréguliersTests.xctest */ = {isa = PBXFileReference; explicitFileType = wrapper.cfbundle; includeInIndex = 0; path = "Apprendre les verbes irréguliersTests.xctest"; sourceTree = BUILT_PRODUCTS_DIR; };
		98C9835F20F750840080B08C /* Apprendre_les_verbes_irre_guliersTests.swift */ = {isa = PBXFileReference; lastKnownFileType = sourcecode.swift; path = Apprendre_les_verbes_irre_guliersTests.swift; sourceTree = "<group>"; };
		98C9836120F750840080B08C /* Info.plist */ = {isa = PBXFileReference; lastKnownFileType = text.plist.xml; path = Info.plist; sourceTree = "<group>"; };
		98C9836620F750840080B08C /* Apprendre les verbes irréguliersUITests.xctest */ = {isa = PBXFileReference; explicitFileType = wrapper.cfbundle; includeInIndex = 0; path = "Apprendre les verbes irréguliersUITests.xctest"; sourceTree = BUILT_PRODUCTS_DIR; };
		98C9836A20F750840080B08C /* Apprendre_les_verbes_irre_guliersUITests.swift */ = {isa = PBXFileReference; lastKnownFileType = sourcecode.swift; path = Apprendre_les_verbes_irre_guliersUITests.swift; sourceTree = "<group>"; };
		98C9836C20F750840080B08C /* Info.plist */ = {isa = PBXFileReference; lastKnownFileType = text.plist.xml; path = Info.plist; sourceTree = "<group>"; };
		98DEFC8620FDC25400DC32BB /* MainVC.swift */ = {isa = PBXFileReference; lastKnownFileType = sourcecode.swift; path = MainVC.swift; sourceTree = "<group>"; };
		98DEFC8B20FDC33200DC32BB /* AddVerbsCV.swift */ = {isa = PBXFileReference; lastKnownFileType = sourcecode.swift; path = AddVerbsCV.swift; sourceTree = "<group>"; };
		98DEFC8D20FE27EE00DC32BB /* ReviewVerbsVC.swift */ = {isa = PBXFileReference; lastKnownFileType = sourcecode.swift; path = ReviewVerbsVC.swift; sourceTree = "<group>"; };
/* End PBXFileReference section */

/* Begin PBXFrameworksBuildPhase section */
		98C9834420F750820080B08C /* Frameworks */ = {
			isa = PBXFrameworksBuildPhase;
			buildActionMask = 2147483647;
			files = (
			);
			runOnlyForDeploymentPostprocessing = 0;
		};
		98C9835820F750840080B08C /* Frameworks */ = {
			isa = PBXFrameworksBuildPhase;
			buildActionMask = 2147483647;
			files = (
			);
			runOnlyForDeploymentPostprocessing = 0;
		};
		98C9836320F750840080B08C /* Frameworks */ = {
			isa = PBXFrameworksBuildPhase;
			buildActionMask = 2147483647;
			files = (
			);
			runOnlyForDeploymentPostprocessing = 0;
		};
/* End PBXFrameworksBuildPhase section */

/* Begin PBXGroup section */
		98C9833E20F750820080B08C = {
			isa = PBXGroup;
			children = (
				98C9834920F750820080B08C /* Apprendre les verbes irréguliers */,
				98C9835E20F750840080B08C /* Apprendre les verbes irréguliersTests */,
				98C9836920F750840080B08C /* Apprendre les verbes irréguliersUITests */,
				98C9834820F750820080B08C /* Products */,
			);
			sourceTree = "<group>";
		};
		98C9834820F750820080B08C /* Products */ = {
			isa = PBXGroup;
			children = (
				98C9834720F750820080B08C /* Apprendre les verbes irréguliers.app */,
				98C9835B20F750840080B08C /* Apprendre les verbes irréguliersTests.xctest */,
				98C9836620F750840080B08C /* Apprendre les verbes irréguliersUITests.xctest */,
			);
			name = Products;
			sourceTree = "<group>";
		};
		98C9834920F750820080B08C /* Apprendre les verbes irréguliers */ = {
			isa = PBXGroup;
			children = (
				98DEFC8820FDC26200DC32BB /* ViewController */,
				98C9834A20F750820080B08C /* AppDelegate.swift */,
				98C9834C20F750820080B08C /* ViewController.swift */,
				98C9834E20F750820080B08C /* Main.storyboard */,
				98C9835120F750840080B08C /* Assets.xcassets */,
				98C9835320F750840080B08C /* LaunchScreen.storyboard */,
				98C9835620F750840080B08C /* Info.plist */,
			);
			path = "Apprendre les verbes irréguliers";
			sourceTree = "<group>";
		};
		98C9835E20F750840080B08C /* Apprendre les verbes irréguliersTests */ = {
			isa = PBXGroup;
			children = (
				98C9835F20F750840080B08C /* Apprendre_les_verbes_irre_guliersTests.swift */,
				98C9836120F750840080B08C /* Info.plist */,
			);
			path = "Apprendre les verbes irréguliersTests";
			sourceTree = "<group>";
		};
		98C9836920F750840080B08C /* Apprendre les verbes irréguliersUITests */ = {
			isa = PBXGroup;
			children = (
				98C9836A20F750840080B08C /* Apprendre_les_verbes_irre_guliersUITests.swift */,
				98C9836C20F750840080B08C /* Info.plist */,
			);
			path = "Apprendre les verbes irréguliersUITests";
			sourceTree = "<group>";
		};
		98DEFC8820FDC26200DC32BB /* ViewController */ = {
			isa = PBXGroup;
			children = (
				98DEFC8620FDC25400DC32BB /* MainVC.swift */,
				98DEFC8B20FDC33200DC32BB /* AddVerbsCV.swift */,
				98DEFC8D20FE27EE00DC32BB /* ReviewVerbsVC.swift */,
			);
			path = ViewController;
			sourceTree = "<group>";
		};
/* End PBXGroup section */

/* Begin PBXNativeTarget section */
		98C9834620F750820080B08C /* Apprendre les verbes irréguliers */ = {
			isa = PBXNativeTarget;
			buildConfigurationList = 98C9836F20F750840080B08C /* Build configuration list for PBXNativeTarget "Apprendre les verbes irréguliers" */;
			buildPhases = (
				98C9834320F750820080B08C /* Sources */,
				98C9834420F750820080B08C /* Frameworks */,
				98C9834520F750820080B08C /* Resources */,
			);
			buildRules = (
			);
			dependencies = (
			);
			name = "Apprendre les verbes irréguliers";
			productName = "Apprendre les verbes irréguliers";
			productReference = 98C9834720F750820080B08C /* Apprendre les verbes irréguliers.app */;
			productType = "com.apple.product-type.application";
		};
		98C9835A20F750840080B08C /* Apprendre les verbes irréguliersTests */ = {
			isa = PBXNativeTarget;
			buildConfigurationList = 98C9837220F750840080B08C /* Build configuration list for PBXNativeTarget "Apprendre les verbes irréguliersTests" */;
			buildPhases = (
				98C9835720F750840080B08C /* Sources */,
				98C9835820F750840080B08C /* Frameworks */,
				98C9835920F750840080B08C /* Resources */,
			);
			buildRules = (
			);
			dependencies = (
				98C9835D20F750840080B08C /* PBXTargetDependency */,
			);
			name = "Apprendre les verbes irréguliersTests";
			productName = "Apprendre les verbes irréguliersTests";
			productReference = 98C9835B20F750840080B08C /* Apprendre les verbes irréguliersTests.xctest */;
			productType = "com.apple.product-type.bundle.unit-test";
		};
		98C9836520F750840080B08C /* Apprendre les verbes irréguliersUITests */ = {
			isa = PBXNativeTarget;
			buildConfigurationList = 98C9837520F750840080B08C /* Build configuration list for PBXNativeTarget "Apprendre les verbes irréguliersUITests" */;
			buildPhases = (
				98C9836220F750840080B08C /* Sources */,
				98C9836320F750840080B08C /* Frameworks */,
				98C9836420F750840080B08C /* Resources */,
			);
			buildRules = (
			);
			dependencies = (
				98C9836820F750840080B08C /* PBXTargetDependency */,
			);
			name = "Apprendre les verbes irréguliersUITests";
			productName = "Apprendre les verbes irréguliersUITests";
			productReference = 98C9836620F750840080B08C /* Apprendre les verbes irréguliersUITests.xctest */;
			productType = "com.apple.product-type.bundle.ui-testing";
		};
/* End PBXNativeTarget section */

/* Begin PBXProject section */
		98C9833F20F750820080B08C /* Project object */ = {
			isa = PBXProject;
			attributes = {
				LastSwiftUpdateCheck = 0940;
				LastUpgradeCheck = 0940;
				ORGANIZATIONNAME = "Lauriane Mollier";
				TargetAttributes = {
					98C9834620F750820080B08C = {
						CreatedOnToolsVersion = 9.4.1;
					};
					98C9835A20F750840080B08C = {
						CreatedOnToolsVersion = 9.4.1;
						TestTargetID = 98C9834620F750820080B08C;
					};
					98C9836520F750840080B08C = {
						CreatedOnToolsVersion = 9.4.1;
						TestTargetID = 98C9834620F750820080B08C;
					};
				};
			};
			buildConfigurationList = 98C9834220F750820080B08C /* Build configuration list for PBXProject "Apprendre les verbes irréguliers" */;
			compatibilityVersion = "Xcode 9.3";
			developmentRegion = en;
			hasScannedForEncodings = 0;
			knownRegions = (
				en,
				Base,
			);
			mainGroup = 98C9833E20F750820080B08C;
			productRefGroup = 98C9834820F750820080B08C /* Products */;
			projectDirPath = "";
			projectRoot = "";
			targets = (
				98C9834620F750820080B08C /* Apprendre les verbes irréguliers */,
				98C9835A20F750840080B08C /* Apprendre les verbes irréguliersTests */,
				98C9836520F750840080B08C /* Apprendre les verbes irréguliersUITests */,
			);
		};
/* End PBXProject section */

/* Begin PBXResourcesBuildPhase section */
		98C9834520F750820080B08C /* Resources */ = {
			isa = PBXResourcesBuildPhase;
			buildActionMask = 2147483647;
			files = (
				98C9835520F750840080B08C /* LaunchScreen.storyboard in Resources */,
				98C9835220F750840080B08C /* Assets.xcassets in Resources */,
				98C9835020F750820080B08C /* Main.storyboard in Resources */,
			);
			runOnlyForDeploymentPostprocessing = 0;
		};
		98C9835920F750840080B08C /* Resources */ = {
			isa = PBXResourcesBuildPhase;
			buildActionMask = 2147483647;
			files = (
			);
			runOnlyForDeploymentPostprocessing = 0;
		};
		98C9836420F750840080B08C /* Resources */ = {
			isa = PBXResourcesBuildPhase;
			buildActionMask = 2147483647;
			files = (
			);
			runOnlyForDeploymentPostprocessing = 0;
		};
/* End PBXResourcesBuildPhase section */

/* Begin PBXSourcesBuildPhase section */
		98C9834320F750820080B08C /* Sources */ = {
			isa = PBXSourcesBuildPhase;
			buildActionMask = 2147483647;
			files = (
				98DEFC8E20FE27EE00DC32BB /* ReviewVerbsVC.swift in Sources */,
				98DEFC8C20FDC33200DC32BB /* AddVerbsCV.swift in Sources */,
				98C9834D20F750820080B08C /* ViewController.swift in Sources */,
				98DEFC8720FDC25400DC32BB /* MainVC.swift in Sources */,
				98C9834B20F750820080B08C /* AppDelegate.swift in Sources */,
			);
			runOnlyForDeploymentPostprocessing = 0;
		};
		98C9835720F750840080B08C /* Sources */ = {
			isa = PBXSourcesBuildPhase;
			buildActionMask = 2147483647;
			files = (
				98C9836020F750840080B08C /* Apprendre_les_verbes_irre_guliersTests.swift in Sources */,
			);
			runOnlyForDeploymentPostprocessing = 0;
		};
		98C9836220F750840080B08C /* Sources */ = {
			isa = PBXSourcesBuildPhase;
			buildActionMask = 2147483647;
			files = (
				98C9836B20F750840080B08C /* Apprendre_les_verbes_irre_guliersUITests.swift in Sources */,
			);
			runOnlyForDeploymentPostprocessing = 0;
		};
/* End PBXSourcesBuildPhase section */

/* Begin PBXTargetDependency section */
		98C9835D20F750840080B08C /* PBXTargetDependency */ = {
			isa = PBXTargetDependency;
			target = 98C9834620F750820080B08C /* Apprendre les verbes irréguliers */;
			targetProxy = 98C9835C20F750840080B08C /* PBXContainerItemProxy */;
		};
		98C9836820F750840080B08C /* PBXTargetDependency */ = {
			isa = PBXTargetDependency;
			target = 98C9834620F750820080B08C /* Apprendre les verbes irréguliers */;
			targetProxy = 98C9836720F750840080B08C /* PBXContainerItemProxy */;
		};
/* End PBXTargetDependency section */

/* Begin PBXVariantGroup section */
		98C9834E20F750820080B08C /* Main.storyboard */ = {
			isa = PBXVariantGroup;
			children = (
				98C9834F20F750820080B08C /* Base */,
			);
			name = Main.storyboard;
			sourceTree = "<group>";
		};
		98C9835320F750840080B08C /* LaunchScreen.storyboard */ = {
			isa = PBXVariantGroup;
			children = (
				98C9835420F750840080B08C /* Base */,
			);
			name = LaunchScreen.storyboard;
			sourceTree = "<group>";
		};
/* End PBXVariantGroup section */

/* Begin XCBuildConfiguration section */
		98C9836D20F750840080B08C /* Debug */ = {
			isa = XCBuildConfiguration;
			buildSettings = {
				ALWAYS_SEARCH_USER_PATHS = NO;
				CLANG_ANALYZER_NONNULL = YES;
				CLANG_ANALYZER_NUMBER_OBJECT_CONVERSION = YES_AGGRESSIVE;
				CLANG_CXX_LANGUAGE_STANDARD = "gnu++14";
				CLANG_CXX_LIBRARY = "libc++";
				CLANG_ENABLE_MODULES = YES;
				CLANG_ENABLE_OBJC_ARC = YES;
				CLANG_ENABLE_OBJC_WEAK = YES;
				CLANG_WARN_BLOCK_CAPTURE_AUTORELEASING = YES;
				CLANG_WARN_BOOL_CONVERSION = YES;
				CLANG_WARN_COMMA = YES;
				CLANG_WARN_CONSTANT_CONVERSION = YES;
				CLANG_WARN_DEPRECATED_OBJC_IMPLEMENTATIONS = YES;
				CLANG_WARN_DIRECT_OBJC_ISA_USAGE = YES_ERROR;
				CLANG_WARN_DOCUMENTATION_COMMENTS = YES;
				CLANG_WARN_EMPTY_BODY = YES;
				CLANG_WARN_ENUM_CONVERSION = YES;
				CLANG_WARN_INFINITE_RECURSION = YES;
				CLANG_WARN_INT_CONVERSION = YES;
				CLANG_WARN_NON_LITERAL_NULL_CONVERSION = YES;
				CLANG_WARN_OBJC_IMPLICIT_RETAIN_SELF = YES;
				CLANG_WARN_OBJC_LITERAL_CONVERSION = YES;
				CLANG_WARN_OBJC_ROOT_CLASS = YES_ERROR;
				CLANG_WARN_RANGE_LOOP_ANALYSIS = YES;
				CLANG_WARN_STRICT_PROTOTYPES = YES;
				CLANG_WARN_SUSPICIOUS_MOVE = YES;
				CLANG_WARN_UNGUARDED_AVAILABILITY = YES_AGGRESSIVE;
				CLANG_WARN_UNREACHABLE_CODE = YES;
				CLANG_WARN__DUPLICATE_METHOD_MATCH = YES;
				CODE_SIGN_IDENTITY = "iPhone Developer";
				COPY_PHASE_STRIP = NO;
				DEBUG_INFORMATION_FORMAT = dwarf;
				ENABLE_STRICT_OBJC_MSGSEND = YES;
				ENABLE_TESTABILITY = YES;
				GCC_C_LANGUAGE_STANDARD = gnu11;
				GCC_DYNAMIC_NO_PIC = NO;
				GCC_NO_COMMON_BLOCKS = YES;
				GCC_OPTIMIZATION_LEVEL = 0;
				GCC_PREPROCESSOR_DEFINITIONS = (
					"DEBUG=1",
					"$(inherited)",
				);
				GCC_WARN_64_TO_32_BIT_CONVERSION = YES;
				GCC_WARN_ABOUT_RETURN_TYPE = YES_ERROR;
				GCC_WARN_UNDECLARED_SELECTOR = YES;
				GCC_WARN_UNINITIALIZED_AUTOS = YES_AGGRESSIVE;
				GCC_WARN_UNUSED_FUNCTION = YES;
				GCC_WARN_UNUSED_VARIABLE = YES;
				IPHONEOS_DEPLOYMENT_TARGET = 11.4;
				MTL_ENABLE_DEBUG_INFO = YES;
				ONLY_ACTIVE_ARCH = YES;
				SDKROOT = iphoneos;
				SWIFT_ACTIVE_COMPILATION_CONDITIONS = DEBUG;
				SWIFT_OPTIMIZATION_LEVEL = "-Onone";
			};
			name = Debug;
		};
		98C9836E20F750840080B08C /* Release */ = {
			isa = XCBuildConfiguration;
			buildSettings = {
				ALWAYS_SEARCH_USER_PATHS = NO;
				CLANG_ANALYZER_NONNULL = YES;
				CLANG_ANALYZER_NUMBER_OBJECT_CONVERSION = YES_AGGRESSIVE;
				CLANG_CXX_LANGUAGE_STANDARD = "gnu++14";
				CLANG_CXX_LIBRARY = "libc++";
				CLANG_ENABLE_MODULES = YES;
				CLANG_ENABLE_OBJC_ARC = YES;
				CLANG_ENABLE_OBJC_WEAK = YES;
				CLANG_WARN_BLOCK_CAPTURE_AUTORELEASING = YES;
				CLANG_WARN_BOOL_CONVERSION = YES;
				CLANG_WARN_COMMA = YES;
				CLANG_WARN_CONSTANT_CONVERSION = YES;
				CLANG_WARN_DEPRECATED_OBJC_IMPLEMENTATIONS = YES;
				CLANG_WARN_DIRECT_OBJC_ISA_USAGE = YES_ERROR;
				CLANG_WARN_DOCUMENTATION_COMMENTS = YES;
				CLANG_WARN_EMPTY_BODY = YES;
				CLANG_WARN_ENUM_CONVERSION = YES;
				CLANG_WARN_INFINITE_RECURSION = YES;
				CLANG_WARN_INT_CONVERSION = YES;
				CLANG_WARN_NON_LITERAL_NULL_CONVERSION = YES;
				CLANG_WARN_OBJC_IMPLICIT_RETAIN_SELF = YES;
				CLANG_WARN_OBJC_LITERAL_CONVERSION = YES;
				CLANG_WARN_OBJC_ROOT_CLASS = YES_ERROR;
				CLANG_WARN_RANGE_LOOP_ANALYSIS = YES;
				CLANG_WARN_STRICT_PROTOTYPES = YES;
				CLANG_WARN_SUSPICIOUS_MOVE = YES;
				CLANG_WARN_UNGUARDED_AVAILABILITY = YES_AGGRESSIVE;
				CLANG_WARN_UNREACHABLE_CODE = YES;
				CLANG_WARN__DUPLICATE_METHOD_MATCH = YES;
				CODE_SIGN_IDENTITY = "iPhone Developer";
				COPY_PHASE_STRIP = NO;
				DEBUG_INFORMATION_FORMAT = "dwarf-with-dsym";
				ENABLE_NS_ASSERTIONS = NO;
				ENABLE_STRICT_OBJC_MSGSEND = YES;
				GCC_C_LANGUAGE_STANDARD = gnu11;
				GCC_NO_COMMON_BLOCKS = YES;
				GCC_WARN_64_TO_32_BIT_CONVERSION = YES;
				GCC_WARN_ABOUT_RETURN_TYPE = YES_ERROR;
				GCC_WARN_UNDECLARED_SELECTOR = YES;
				GCC_WARN_UNINITIALIZED_AUTOS = YES_AGGRESSIVE;
				GCC_WARN_UNUSED_FUNCTION = YES;
				GCC_WARN_UNUSED_VARIABLE = YES;
				IPHONEOS_DEPLOYMENT_TARGET = 11.4;
				MTL_ENABLE_DEBUG_INFO = NO;
				SDKROOT = iphoneos;
				SWIFT_COMPILATION_MODE = wholemodule;
				SWIFT_OPTIMIZATION_LEVEL = "-O";
				VALIDATE_PRODUCT = YES;
			};
			name = Release;
		};
		98C9837020F750840080B08C /* Debug */ = {
			isa = XCBuildConfiguration;
			buildSettings = {
				ASSETCATALOG_COMPILER_APPICON_NAME = AppIcon;
				CODE_SIGN_STYLE = Automatic;
				DEVELOPMENT_TEAM = EQPGG2M7LV;
				INFOPLIST_FILE = "Apprendre les verbes irréguliers/Info.plist";
				LD_RUNPATH_SEARCH_PATHS = (
					"$(inherited)",
					"@executable_path/Frameworks",
				);
				PRODUCT_BUNDLE_IDENTIFIER = "mollierlauriane.Apprendre-les-verbes-irre-guliers";
				PRODUCT_NAME = "$(TARGET_NAME)";
				SWIFT_VERSION = 4.0;
				TARGETED_DEVICE_FAMILY = "1,2";
			};
			name = Debug;
		};
		98C9837120F750840080B08C /* Release */ = {
			isa = XCBuildConfiguration;
			buildSettings = {
				ASSETCATALOG_COMPILER_APPICON_NAME = AppIcon;
				CODE_SIGN_STYLE = Automatic;
				DEVELOPMENT_TEAM = EQPGG2M7LV;
				INFOPLIST_FILE = "Apprendre les verbes irréguliers/Info.plist";
				LD_RUNPATH_SEARCH_PATHS = (
					"$(inherited)",
					"@executable_path/Frameworks",
				);
				PRODUCT_BUNDLE_IDENTIFIER = "mollierlauriane.Apprendre-les-verbes-irre-guliers";
				PRODUCT_NAME = "$(TARGET_NAME)";
				SWIFT_VERSION = 4.0;
				TARGETED_DEVICE_FAMILY = "1,2";
			};
			name = Release;
		};
		98C9837320F750840080B08C /* Debug */ = {
			isa = XCBuildConfiguration;
			buildSettings = {
				ALWAYS_EMBED_SWIFT_STANDARD_LIBRARIES = YES;
				BUNDLE_LOADER = "$(TEST_HOST)";
				CODE_SIGN_STYLE = Automatic;
				DEVELOPMENT_TEAM = EQPGG2M7LV;
				INFOPLIST_FILE = "Apprendre les verbes irréguliersTests/Info.plist";
				LD_RUNPATH_SEARCH_PATHS = (
					"$(inherited)",
					"@executable_path/Frameworks",
					"@loader_path/Frameworks",
				);
				PRODUCT_BUNDLE_IDENTIFIER = "mollierlauriane.Apprendre-les-verbes-irre-guliersTests";
				PRODUCT_NAME = "$(TARGET_NAME)";
				SWIFT_VERSION = 4.0;
				TARGETED_DEVICE_FAMILY = "1,2";
				TEST_HOST = "$(BUILT_PRODUCTS_DIR)/Apprendre les verbes irréguliers.app/Apprendre les verbes irréguliers";
			};
			name = Debug;
		};
		98C9837420F750840080B08C /* Release */ = {
			isa = XCBuildConfiguration;
			buildSettings = {
				ALWAYS_EMBED_SWIFT_STANDARD_LIBRARIES = YES;
				BUNDLE_LOADER = "$(TEST_HOST)";
				CODE_SIGN_STYLE = Automatic;
				DEVELOPMENT_TEAM = EQPGG2M7LV;
				INFOPLIST_FILE = "Apprendre les verbes irréguliersTests/Info.plist";
				LD_RUNPATH_SEARCH_PATHS = (
					"$(inherited)",
					"@executable_path/Frameworks",
					"@loader_path/Frameworks",
				);
				PRODUCT_BUNDLE_IDENTIFIER = "mollierlauriane.Apprendre-les-verbes-irre-guliersTests";
				PRODUCT_NAME = "$(TARGET_NAME)";
				SWIFT_VERSION = 4.0;
				TARGETED_DEVICE_FAMILY = "1,2";
				TEST_HOST = "$(BUILT_PRODUCTS_DIR)/Apprendre les verbes irréguliers.app/Apprendre les verbes irréguliers";
			};
			name = Release;
		};
		98C9837620F750840080B08C /* Debug */ = {
			isa = XCBuildConfiguration;
			buildSettings = {
				ALWAYS_EMBED_SWIFT_STANDARD_LIBRARIES = YES;
				CODE_SIGN_STYLE = Automatic;
				DEVELOPMENT_TEAM = EQPGG2M7LV;
				INFOPLIST_FILE = "Apprendre les verbes irréguliersUITests/Info.plist";
				LD_RUNPATH_SEARCH_PATHS = (
					"$(inherited)",
					"@executable_path/Frameworks",
					"@loader_path/Frameworks",
				);
				PRODUCT_BUNDLE_IDENTIFIER = "mollierlauriane.Apprendre-les-verbes-irre-guliersUITests";
				PRODUCT_NAME = "$(TARGET_NAME)";
				SWIFT_VERSION = 4.0;
				TARGETED_DEVICE_FAMILY = "1,2";
				TEST_TARGET_NAME = "Apprendre les verbes irréguliers";
			};
			name = Debug;
		};
		98C9837720F750840080B08C /* Release */ = {
			isa = XCBuildConfiguration;
			buildSettings = {
				ALWAYS_EMBED_SWIFT_STANDARD_LIBRARIES = YES;
				CODE_SIGN_STYLE = Automatic;
				DEVELOPMENT_TEAM = EQPGG2M7LV;
				INFOPLIST_FILE = "Apprendre les verbes irréguliersUITests/Info.plist";
				LD_RUNPATH_SEARCH_PATHS = (
					"$(inherited)",
					"@executable_path/Frameworks",
					"@loader_path/Frameworks",
				);
				PRODUCT_BUNDLE_IDENTIFIER = "mollierlauriane.Apprendre-les-verbes-irre-guliersUITests";
				PRODUCT_NAME = "$(TARGET_NAME)";
				SWIFT_VERSION = 4.0;
				TARGETED_DEVICE_FAMILY = "1,2";
				TEST_TARGET_NAME = "Apprendre les verbes irréguliers";
			};
			name = Release;
		};
/* End XCBuildConfiguration section */

/* Begin XCConfigurationList section */
		98C9834220F750820080B08C /* Build configuration list for PBXProject "Apprendre les verbes irréguliers" */ = {
			isa = XCConfigurationList;
			buildConfigurations = (
				98C9836D20F750840080B08C /* Debug */,
				98C9836E20F750840080B08C /* Release */,
			);
			defaultConfigurationIsVisible = 0;
			defaultConfigurationName = Release;
		};
		98C9836F20F750840080B08C /* Build configuration list for PBXNativeTarget "Apprendre les verbes irréguliers" */ = {
			isa = XCConfigurationList;
			buildConfigurations = (
				98C9837020F750840080B08C /* Debug */,
				98C9837120F750840080B08C /* Release */,
			);
			defaultConfigurationIsVisible = 0;
			defaultConfigurationName = Release;
		};
		98C9837220F750840080B08C /* Build configuration list for PBXNativeTarget "Apprendre les verbes irréguliersTests" */ = {
			isa = XCConfigurationList;
			buildConfigurations = (
				98C9837320F750840080B08C /* Debug */,
				98C9837420F750840080B08C /* Release */,
			);
			defaultConfigurationIsVisible = 0;
			defaultConfigurationName = Release;
		};
		98C9837520F750840080B08C /* Build configuration list for PBXNativeTarget "Apprendre les verbes irréguliersUITests" */ = {
			isa = XCConfigurationList;
			buildConfigurations = (
				98C9837620F750840080B08C /* Debug */,
				98C9837720F750840080B08C /* Release */,
			);
			defaultConfigurationIsVisible = 0;
			defaultConfigurationName = Release;
		};
/* End XCConfigurationList section */
	};
	rootObject = 98C9833F20F750820080B08C /* Project object */;
}
